
Microsoft Visual Studio Solution File, Format Version 12.00
# Visual Studio for Mac
Project("{FAE04EC0-301F-11D3-BF4B-00C04F79EFBC}") = "Assembly-CSharp", "Assembly-CSharp.csproj", "{5E88C5D2-9ADE-3429-559F-A5587390A676}"
EndProject
Project("{FAE04EC0-301F-11D3-BF4B-00C04F79EFBC}") = "Assembly-CSharp-Editor", "Assembly-CSharp-Editor.csproj", "{6CAB9E81-6CBF-13B3-8CCB-7600384778CF}"
EndProject
Global
	GlobalSection(SolutionConfigurationPlatforms) = preSolution
		Debug|Any CPU = Debug|Any CPU
		Release|Any CPU = Release|Any CPU
	EndGlobalSection
	GlobalSection(ProjectConfigurationPlatforms) = postSolution
		{5E88C5D2-9ADE-3429-559F-A5587390A676}.Debug|Any CPU.ActiveCfg = Debug|Any CPU
		{5E88C5D2-9ADE-3429-559F-A5587390A676}.Debug|Any CPU.Build.0 = Debug|Any CPU
		{5E88C5D2-9ADE-3429-559F-A5587390A676}.Release|Any CPU.ActiveCfg = Release|Any CPU
		{5E88C5D2-9ADE-3429-559F-A5587390A676}.Release|Any CPU.Build.0 = Release|Any CPU
		{6CAB9E81-6CBF-13B3-8CCB-7600384778CF}.Debug|Any CPU.ActiveCfg = Debug|Any CPU
		{6CAB9E81-6CBF-13B3-8CCB-7600384778CF}.Debug|Any CPU.Build.0 = Debug|Any CPU
		{6CAB9E81-6CBF-13B3-8CCB-7600384778CF}.Release|Any CPU.ActiveCfg = Release|Any CPU
		{6CAB9E81-6CBF-13B3-8CCB-7600384778CF}.Release|Any CPU.Build.0 = Release|Any CPU
	EndGlobalSection
	GlobalSection(SolutionProperties) = preSolution
		HideSolutionNode = FALSE
	EndGlobalSection
EndGlobal
